
Microsoft Visual Studio Solution File, Format Version 12.00
# Visual Studio Version 17
VisualStudioVersion = 17.12.35514.174 d17.12
MinimumVisualStudioVersion = 10.0.40219.1
Project("{FAE04EC0-301F-11D3-BF4B-00C04F79EFBC}") = "AssignmentDay11", "AssignmentDay11\AssignmentDay11.csproj", "{E65F61C8-4F43-45E6-84DB-FB8175A45FB7}"
EndProject
Global
	GlobalSection(SolutionConfigurationPlatforms) = preSolution
		Debug|Any CPU = Debug|Any CPU
		Release|Any CPU = Release|Any CPU
	EndGlobalSection
	GlobalSection(ProjectConfigurationPlatforms) = postSolution
		{E65F61C8-4F43-45E6-84DB-FB8175A45FB7}.Debug|Any CPU.ActiveCfg = Debug|Any CPU
		{E65F61C8-4F43-45E6-84DB-FB8175A45FB7}.Debug|Any CPU.Build.0 = Debug|Any CPU
		{E65F61C8-4F43-45E6-84DB-FB8175A45FB7}.Release|Any CPU.ActiveCfg = Release|Any CPU
		{E65F61C8-4F43-45E6-84DB-FB8175A45FB7}.Release|Any CPU.Build.0 = Release|Any CPU
	EndGlobalSection
	GlobalSection(SolutionProperties) = preSolution
		HideSolutionNode = FALSE
	EndGlobalSection
EndGlobal
