
Microsoft Visual Studio Solution File, Format Version 12.00
# Visual Studio Version 17
VisualStudioVersion = 17.11.35327.3
MinimumVisualStudioVersion = 10.0.40219.1
Project("{FAE04EC0-301F-11D3-BF4B-00C04F79EFBC}") = "AssignmentDay5", "AssignmentDay5\AssignmentDay5.csproj", "{ED065983-5D86-4A5D-9FB2-0B0E954C2E7F}"
EndProject
Global
	GlobalSection(SolutionConfigurationPlatforms) = preSolution
		Debug|Any CPU = Debug|Any CPU
		Release|Any CPU = Release|Any CPU
	EndGlobalSection
	GlobalSection(ProjectConfigurationPlatforms) = postSolution
		{ED065983-5D86-4A5D-9FB2-0B0E954C2E7F}.Debug|Any CPU.ActiveCfg = Debug|Any CPU
		{ED065983-5D86-4A5D-9FB2-0B0E954C2E7F}.Debug|Any CPU.Build.0 = Debug|Any CPU
		{ED065983-5D86-4A5D-9FB2-0B0E954C2E7F}.Release|Any CPU.ActiveCfg = Release|Any CPU
		{ED065983-5D86-4A5D-9FB2-0B0E954C2E7F}.Release|Any CPU.Build.0 = Release|Any CPU
	EndGlobalSection
	GlobalSection(SolutionProperties) = preSolution
		HideSolutionNode = FALSE
	EndGlobalSection
	GlobalSection(ExtensibilityGlobals) = postSolution
		SolutionGuid = {C08C2D39-BAA1-4D24-B48E-8373242E7001}
	EndGlobalSection
EndGlobal
