
Microsoft Visual Studio Solution File, Format Version 12.00
# Visual Studio Version 17
VisualStudioVersion = 17.11.35327.3
MinimumVisualStudioVersion = 10.0.40219.1
Project("{FAE04EC0-301F-11D3-BF4B-00C04F79EFBC}") = "SecondConsoleApp", "SecondConsoleApp\SecondConsoleApp.csproj", "{9369D29E-4E91-4EF1-ADAF-3251F05C6C94}"
EndProject
Project("{FAE04EC0-301F-11D3-BF4B-00C04F79EFBC}") = "ClassLibrary1", "ClassLibrary1\ClassLibrary1.csproj", "{2BB5592F-380B-4AC7-A217-E98984672C1B}"
EndProject
Global
	GlobalSection(SolutionConfigurationPlatforms) = preSolution
		Debug|Any CPU = Debug|Any CPU
		Release|Any CPU = Release|Any CPU
	EndGlobalSection
	GlobalSection(ProjectConfigurationPlatforms) = postSolution
		{9369D29E-4E91-4EF1-ADAF-3251F05C6C94}.Debug|Any CPU.ActiveCfg = Debug|Any CPU
		{9369D29E-4E91-4EF1-ADAF-3251F05C6C94}.Debug|Any CPU.Build.0 = Debug|Any CPU
		{9369D29E-4E91-4EF1-ADAF-3251F05C6C94}.Release|Any CPU.ActiveCfg = Release|Any CPU
		{9369D29E-4E91-4EF1-ADAF-3251F05C6C94}.Release|Any CPU.Build.0 = Release|Any CPU
		{2BB5592F-380B-4AC7-A217-E98984672C1B}.Debug|Any CPU.ActiveCfg = Debug|Any CPU
		{2BB5592F-380B-4AC7-A217-E98984672C1B}.Debug|Any CPU.Build.0 = Debug|Any CPU
		{2BB5592F-380B-4AC7-A217-E98984672C1B}.Release|Any CPU.ActiveCfg = Release|Any CPU
		{2BB5592F-380B-4AC7-A217-E98984672C1B}.Release|Any CPU.Build.0 = Release|Any CPU
	EndGlobalSection
	GlobalSection(SolutionProperties) = preSolution
		HideSolutionNode = FALSE
	EndGlobalSection
	GlobalSection(ExtensibilityGlobals) = postSolution
		SolutionGuid = {501A4F6C-7A39-42C1-A77B-BA89EC73CFD9}
	EndGlobalSection
EndGlobal
