
Microsoft Visual Studio Solution File, Format Version 12.00
# Visual Studio Version 17
VisualStudioVersion = 17.10.35013.160
MinimumVisualStudioVersion = 10.0.40219.1
Project("{FAE04EC0-301F-11D3-BF4B-00C04F79EFBC}") = "Day6api", "Day6api\Day6api.csproj", "{511C3C1D-B726-4C9F-92FA-7D9B1F9B7BD9}"
EndProject
Global
	GlobalSection(SolutionConfigurationPlatforms) = preSolution
		Debug|Any CPU = Debug|Any CPU
		Release|Any CPU = Release|Any CPU
	EndGlobalSection
	GlobalSection(ProjectConfigurationPlatforms) = postSolution
		{511C3C1D-B726-4C9F-92FA-7D9B1F9B7BD9}.Debug|Any CPU.ActiveCfg = Debug|Any CPU
		{511C3C1D-B726-4C9F-92FA-7D9B1F9B7BD9}.Debug|Any CPU.Build.0 = Debug|Any CPU
		{511C3C1D-B726-4C9F-92FA-7D9B1F9B7BD9}.Release|Any CPU.ActiveCfg = Release|Any CPU
		{511C3C1D-B726-4C9F-92FA-7D9B1F9B7BD9}.Release|Any CPU.Build.0 = Release|Any CPU
	EndGlobalSection
	GlobalSection(SolutionProperties) = preSolution
		HideSolutionNode = FALSE
	EndGlobalSection
	GlobalSection(ExtensibilityGlobals) = postSolution
		SolutionGuid = {3B7D747F-1D66-4DB8-88F7-F21022255D64}
	EndGlobalSection
EndGlobal
