
Microsoft Visual Studio Solution File, Format Version 12.00
# Visual Studio Version 17
VisualStudioVersion = 17.11.35327.3
MinimumVisualStudioVersion = 10.0.40219.1
Project("{FAE04EC0-301F-11D3-BF4B-00C04F79EFBC}") = "AssignmentDay7", "AssignmentDay7\AssignmentDay7.csproj", "{2B9ED1AA-BC6D-403C-A30B-984E4C76012B}"
EndProject
Global
	GlobalSection(SolutionConfigurationPlatforms) = preSolution
		Debug|Any CPU = Debug|Any CPU
		Release|Any CPU = Release|Any CPU
	EndGlobalSection
	GlobalSection(ProjectConfigurationPlatforms) = postSolution
		{2B9ED1AA-BC6D-403C-A30B-984E4C76012B}.Debug|Any CPU.ActiveCfg = Debug|Any CPU
		{2B9ED1AA-BC6D-403C-A30B-984E4C76012B}.Debug|Any CPU.Build.0 = Debug|Any CPU
		{2B9ED1AA-BC6D-403C-A30B-984E4C76012B}.Release|Any CPU.ActiveCfg = Release|Any CPU
		{2B9ED1AA-BC6D-403C-A30B-984E4C76012B}.Release|Any CPU.Build.0 = Release|Any CPU
	EndGlobalSection
	GlobalSection(SolutionProperties) = preSolution
		HideSolutionNode = FALSE
	EndGlobalSection
	GlobalSection(ExtensibilityGlobals) = postSolution
		SolutionGuid = {21DF4288-D656-4E14-83FD-69E459A59DDE}
	EndGlobalSection
EndGlobal
