
Microsoft Visual Studio Solution File, Format Version 12.00
# Visual Studio Version 17
VisualStudioVersion = 17.11.35327.3
MinimumVisualStudioVersion = 10.0.40219.1
Project("{9A19103F-16F7-4668-BE54-9A1E7A4F7556}") = "AssignmentDay10", "AssignmentDay10\AssignmentDay10.csproj", "{32AC7E52-FA15-430A-A48E-0DDBF6D58ADA}"
EndProject
Project("{FAE04EC0-301F-11D3-BF4B-00C04F79EFBC}") = "BankModel", "BankModel\BankModel.csproj", "{707A4BF6-0FDE-4FFB-9CD0-7BD68C532510}"
EndProject
Project("{FAE04EC0-301F-11D3-BF4B-00C04F79EFBC}") = "WinFormsFirstLook", "WinFormsFirstLook\WinFormsFirstLook.csproj", "{2990ED35-F7BE-4E7D-8209-C341A8C9069F}"
EndProject
Global
	GlobalSection(SolutionConfigurationPlatforms) = preSolution
		Debug|Any CPU = Debug|Any CPU
		Release|Any CPU = Release|Any CPU
	EndGlobalSection
	GlobalSection(ProjectConfigurationPlatforms) = postSolution
		{32AC7E52-FA15-430A-A48E-0DDBF6D58ADA}.Debug|Any CPU.ActiveCfg = Debug|Any CPU
		{32AC7E52-FA15-430A-A48E-0DDBF6D58ADA}.Debug|Any CPU.Build.0 = Debug|Any CPU
		{32AC7E52-FA15-430A-A48E-0DDBF6D58ADA}.Release|Any CPU.ActiveCfg = Release|Any CPU
		{32AC7E52-FA15-430A-A48E-0DDBF6D58ADA}.Release|Any CPU.Build.0 = Release|Any CPU
		{707A4BF6-0FDE-4FFB-9CD0-7BD68C532510}.Debug|Any CPU.ActiveCfg = Debug|Any CPU
		{707A4BF6-0FDE-4FFB-9CD0-7BD68C532510}.Debug|Any CPU.Build.0 = Debug|Any CPU
		{707A4BF6-0FDE-4FFB-9CD0-7BD68C532510}.Release|Any CPU.ActiveCfg = Release|Any CPU
		{707A4BF6-0FDE-4FFB-9CD0-7BD68C532510}.Release|Any CPU.Build.0 = Release|Any CPU
		{2990ED35-F7BE-4E7D-8209-C341A8C9069F}.Debug|Any CPU.ActiveCfg = Debug|Any CPU
		{2990ED35-F7BE-4E7D-8209-C341A8C9069F}.Debug|Any CPU.Build.0 = Debug|Any CPU
		{2990ED35-F7BE-4E7D-8209-C341A8C9069F}.Release|Any CPU.ActiveCfg = Release|Any CPU
		{2990ED35-F7BE-4E7D-8209-C341A8C9069F}.Release|Any CPU.Build.0 = Release|Any CPU
	EndGlobalSection
	GlobalSection(SolutionProperties) = preSolution
		HideSolutionNode = FALSE
	EndGlobalSection
	GlobalSection(ExtensibilityGlobals) = postSolution
		SolutionGuid = {B50F9ADC-A09D-46F9-A61E-84531197204C}
	EndGlobalSection
EndGlobal
